
Microsoft Visual Studio Solution File, Format Version 12.00
# Visual Studio 15
VisualStudioVersion = 15.0.27130.2027
MinimumVisualStudioVersion = 10.0.40219.1
Project("{FAE04EC0-301F-11D3-BF4B-00C04F79EFBC}") = "DotNetCoreMVCVb", "DotNetCoreMVCVb\DotNetCoreMVCVb.csproj", "{94F4BB39-C011-4EB7-B2DF-66F4A65E8D79}"
EndProject
Global
	GlobalSection(SolutionConfigurationPlatforms) = preSolution
		Debug|Any CPU = Debug|Any CPU
		Release|Any CPU = Release|Any CPU
	EndGlobalSection
	GlobalSection(ProjectConfigurationPlatforms) = postSolution
		{94F4BB39-C011-4EB7-B2DF-66F4A65E8D79}.Debug|Any CPU.ActiveCfg = Debug|Any CPU
		{94F4BB39-C011-4EB7-B2DF-66F4A65E8D79}.Debug|Any CPU.Build.0 = Debug|Any CPU
		{94F4BB39-C011-4EB7-B2DF-66F4A65E8D79}.Release|Any CPU.ActiveCfg = Release|Any CPU
		{94F4BB39-C011-4EB7-B2DF-66F4A65E8D79}.Release|Any CPU.Build.0 = Release|Any CPU
	EndGlobalSection
	GlobalSection(SolutionProperties) = preSolution
		HideSolutionNode = FALSE
	EndGlobalSection
	GlobalSection(ExtensibilityGlobals) = postSolution
		SolutionGuid = {04792A7B-9F51-4515-B818-4D4A37C69BF3}
	EndGlobalSection
EndGlobal
